
Microsoft Visual Studio Solution File, Format Version 12.00
# Visual Studio Version 16
VisualStudioVersion = 16.0.31624.102
MinimumVisualStudioVersion = 10.0.40219.1
Project("{FAE04EC0-301F-11D3-BF4B-00C04F79EFBC}") = "ExercicioBootcamp1", "ExercicioBootcamp1\ExercicioBootcamp1.csproj", "{8EFEDD4A-E55F-4195-9696-B5CB83B42DFA}"
EndProject
Global
	GlobalSection(SolutionConfigurationPlatforms) = preSolution
		Debug|Any CPU = Debug|Any CPU
		Release|Any CPU = Release|Any CPU
	EndGlobalSection
	GlobalSection(ProjectConfigurationPlatforms) = postSolution
		{8EFEDD4A-E55F-4195-9696-B5CB83B42DFA}.Debug|Any CPU.ActiveCfg = Debug|Any CPU
		{8EFEDD4A-E55F-4195-9696-B5CB83B42DFA}.Debug|Any CPU.Build.0 = Debug|Any CPU
		{8EFEDD4A-E55F-4195-9696-B5CB83B42DFA}.Release|Any CPU.ActiveCfg = Release|Any CPU
		{8EFEDD4A-E55F-4195-9696-B5CB83B42DFA}.Release|Any CPU.Build.0 = Release|Any CPU
	EndGlobalSection
	GlobalSection(SolutionProperties) = preSolution
		HideSolutionNode = FALSE
	EndGlobalSection
	GlobalSection(ExtensibilityGlobals) = postSolution
		SolutionGuid = {44216BD3-0316-4E24-BF2C-2A2D07FBF107}
	EndGlobalSection
EndGlobal
